// !$*UTF8*$!
{
	archiveVersion = 1;
	classes = {
	};
	objectVersion = 46;
	objects = {

/* Begin PBXBuildFile section */
		44260D1B1A03E87E0069DA34 /* Book.cpp in Sources */ = {isa = PBXBuildFile; fileRef = 44260D161A03E87E0069DA34 /* Book.cpp */; };
		44260D1C1A03E87E0069DA34 /* List.cpp in Sources */ = {isa = PBXBuildFile; fileRef = 44260D181A03E87E0069DA34 /* List.cpp */; };
		44260D1D1A03E87E0069DA34 /* ListDriver.cpp in Sources */ = {isa = PBXBuildFile; fileRef = 44260D1A1A03E87E0069DA34 /* ListDriver.cpp */; };
/* End PBXBuildFile section */

/* Begin PBXCopyFilesBuildPhase section */
		44260D0A1A03E7FF0069DA34 /* CopyFiles */ = {
			isa = PBXCopyFilesBuildPhase;
			buildActionMask = 2147483647;
			dstPath = /usr/share/man/man1/;
			dstSubfolderSpec = 0;
			files = (
			);
			runOnlyForDeploymentPostprocessing = 1;
		};
/* End PBXCopyFilesBuildPhase section */

/* Begin PBXFileReference section */
		44260D0C1A03E7FF0069DA34 /* LibraryList */ = {isa = PBXFileReference; explicitFileType = "compiled.mach-o.executable"; includeInIndex = 0; path = LibraryList; sourceTree = BUILT_PRODUCTS_DIR; };
		44260D161A03E87E0069DA34 /* Book.cpp */ = {isa = PBXFileReference; fileEncoding = 4; lastKnownFileType = sourcecode.cpp.cpp; path = Book.cpp; sourceTree = "<group>"; };
		44260D171A03E87E0069DA34 /* Book.h */ = {isa = PBXFileReference; fileEncoding = 4; lastKnownFileType = sourcecode.c.h; path = Book.h; sourceTree = "<group>"; };
		44260D181A03E87E0069DA34 /* List.cpp */ = {isa = PBXFileReference; fileEncoding = 4; lastKnownFileType = sourcecode.cpp.cpp; path = List.cpp; sourceTree = "<group>"; };
		44260D191A03E87E0069DA34 /* List.h */ = {isa = PBXFileReference; fileEncoding = 4; lastKnownFileType = sourcecode.c.h; path = List.h; sourceTree = "<group>"; };
		44260D1A1A03E87E0069DA34 /* ListDriver.cpp */ = {isa = PBXFileReference; fileEncoding = 4; lastKnownFileType = sourcecode.cpp.cpp; path = ListDriver.cpp; sourceTree = "<group>"; };
/* End PBXFileReference section */

/* Begin PBXFrameworksBuildPhase section */
		44260D091A03E7FF0069DA34 /* Frameworks */ = {
			isa = PBXFrameworksBuildPhase;
			buildActionMask = 2147483647;
			files = (
			);
			runOnlyForDeploymentPostprocessing = 0;
		};
/* End PBXFrameworksBuildPhase section */

/* Begin PBXGroup section */
		44260D031A03E7FF0069DA34 = {
			isa = PBXGroup;
			children = (
				44260D0E1A03E7FF0069DA34 /* LibraryList */,
				44260D0D1A03E7FF0069DA34 /* Products */,
			);
			sourceTree = "<group>";
		};
		44260D0D1A03E7FF0069DA34 /* Products */ = {
			isa = PBXGroup;
			children = (
				44260D0C1A03E7FF0069DA34 /* LibraryList */,
			);
			name = Products;
			sourceTree = "<group>";
		};
		44260D0E1A03E7FF0069DA34 /* LibraryList */ = {
			isa = PBXGroup;
			children = (
				44260D161A03E87E0069DA34 /* Book.cpp */,
				44260D171A03E87E0069DA34 /* Book.h */,
				44260D181A03E87E0069DA34 /* List.cpp */,
				44260D191A03E87E0069DA34 /* List.h */,
				44260D1A1A03E87E0069DA34 /* ListDriver.cpp */,
			);
			path = LibraryList;
			sourceTree = "<group>";
		};
/* End PBXGroup section */

/* Begin PBXNativeTarget section */
		44260D0B1A03E7FF0069DA34 /* LibraryList */ = {
			isa = PBXNativeTarget;
			buildConfigurationList = 44260D131A03E7FF0069DA34 /* Build configuration list for PBXNativeTarget "LibraryList" */;
			buildPhases = (
				44260D081A03E7FF0069DA34 /* Sources */,
				44260D091A03E7FF0069DA34 /* Frameworks */,
				44260D0A1A03E7FF0069DA34 /* CopyFiles */,
			);
			buildRules = (
			);
			dependencies = (
			);
			name = LibraryList;
			productName = LibraryList;
			productReference = 44260D0C1A03E7FF0069DA34 /* LibraryList */;
			productType = "com.apple.product-type.tool";
		};
/* End PBXNativeTarget section */

/* Begin PBXProject section */
		44260D041A03E7FF0069DA34 /* Project object */ = {
			isa = PBXProject;
			attributes = {
				LastUpgradeCheck = 0610;
				ORGANIZATIONNAME = "Derrick Fox";
				TargetAttributes = {
					44260D0B1A03E7FF0069DA34 = {
						CreatedOnToolsVersion = 6.1;
					};
				};
			};
			buildConfigurationList = 44260D071A03E7FF0069DA34 /* Build configuration list for PBXProject "LibraryList" */;
			compatibilityVersion = "Xcode 3.2";
			developmentRegion = English;
			hasScannedForEncodings = 0;
			knownRegions = (
				en,
			);
			mainGroup = 44260D031A03E7FF0069DA34;
			productRefGroup = 44260D0D1A03E7FF0069DA34 /* Products */;
			projectDirPath = "";
			projectRoot = "";
			targets = (
				44260D0B1A03E7FF0069DA34 /* LibraryList */,
			);
		};
/* End PBXProject section */

/* Begin PBXSourcesBuildPhase section */
		44260D081A03E7FF0069DA34 /* Sources */ = {
			isa = PBXSourcesBuildPhase;
			buildActionMask = 2147483647;
			files = (
				44260D1C1A03E87E0069DA34 /* List.cpp in Sources */,
				44260D1B1A03E87E0069DA34 /* Book.cpp in Sources */,
				44260D1D1A03E87E0069DA34 /* ListDriver.cpp in Sources */,
			);
			runOnlyForDeploymentPostprocessing = 0;
		};
/* End PBXSourcesBuildPhase section */

/* Begin XCBuildConfiguration section */
		44260D111A03E7FF0069DA34 /* Debug */ = {
			isa = XCBuildConfiguration;
			buildSettings = {
				ALWAYS_SEARCH_USER_PATHS = NO;
				CLANG_CXX_LANGUAGE_STANDARD = "gnu++0x";
				CLANG_CXX_LIBRARY = "libc++";
				CLANG_ENABLE_MODULES = YES;
				CLANG_ENABLE_OBJC_ARC = YES;
				CLANG_WARN_BOOL_CONVERSION = YES;
				CLANG_WARN_CONSTANT_CONVERSION = YES;
				CLANG_WARN_DIRECT_OBJC_ISA_USAGE = YES_ERROR;
				CLANG_WARN_EMPTY_BODY = YES;
				CLANG_WARN_ENUM_CONVERSION = YES;
				CLANG_WARN_INT_CONVERSION = YES;
				CLANG_WARN_OBJC_ROOT_CLASS = YES_ERROR;
				CLANG_WARN_UNREACHABLE_CODE = YES;
				CLANG_WARN__DUPLICATE_METHOD_MATCH = YES;
				COPY_PHASE_STRIP = NO;
				ENABLE_STRICT_OBJC_MSGSEND = YES;
				GCC_C_LANGUAGE_STANDARD = gnu99;
				GCC_DYNAMIC_NO_PIC = NO;
				GCC_OPTIMIZATION_LEVEL = 0;
				GCC_PREPROCESSOR_DEFINITIONS = (
					"DEBUG=1",
					"$(inherited)",
				);
				GCC_SYMBOLS_PRIVATE_EXTERN = NO;
				GCC_WARN_64_TO_32_BIT_CONVERSION = YES;
				GCC_WARN_ABOUT_RETURN_TYPE = YES_ERROR;
				GCC_WARN_UNDECLARED_SELECTOR = YES;
				GCC_WARN_UNINITIALIZED_AUTOS = YES_AGGRESSIVE;
				GCC_WARN_UNUSED_FUNCTION = YES;
				GCC_WARN_UNUSED_VARIABLE = YES;
				MACOSX_DEPLOYMENT_TARGET = 10.10;
				MTL_ENABLE_DEBUG_INFO = YES;
				ONLY_ACTIVE_ARCH = YES;
				SDKROOT = macosx;
			};
			name = Debug;
		};
		44260D121A03E7FF0069DA34 /* Release */ = {
			isa = XCBuildConfiguration;
			buildSettings = {
				ALWAYS_SEARCH_USER_PATHS = NO;
				CLANG_CXX_LANGUAGE_STANDARD = "gnu++0x";
				CLANG_CXX_LIBRARY = "libc++";
				CLANG_ENABLE_MODULES = YES;
				CLANG_ENABLE_OBJC_ARC = YES;
				CLANG_WARN_BOOL_CONVERSION = YES;
				CLANG_WARN_CONSTANT_CONVERSION = YES;
				CLANG_WARN_DIRECT_OBJC_ISA_USAGE = YES_ERROR;
				CLANG_WARN_EMPTY_BODY = YES;
				CLANG_WARN_ENUM_CONVERSION = YES;
				CLANG_WARN_INT_CONVERSION = YES;
				CLANG_WARN_OBJC_ROOT_CLASS = YES_ERROR;
				CLANG_WARN_UNREACHABLE_CODE = YES;
				CLANG_WARN__DUPLICATE_METHOD_MATCH = YES;
				COPY_PHASE_STRIP = YES;
				DEBUG_INFORMATION_FORMAT = "dwarf-with-dsym";
				ENABLE_NS_ASSERTIONS = NO;
				ENABLE_STRICT_OBJC_MSGSEND = YES;
				GCC_C_LANGUAGE_STANDARD = gnu99;
				GCC_WARN_64_TO_32_BIT_CONVERSION = YES;
				GCC_WARN_ABOUT_RETURN_TYPE = YES_ERROR;
				GCC_WARN_UNDECLARED_SELECTOR = YES;
				GCC_WARN_UNINITIALIZED_AUTOS = YES_AGGRESSIVE;
				GCC_WARN_UNUSED_FUNCTION = YES;
				GCC_WARN_UNUSED_VARIABLE = YES;
				MACOSX_DEPLOYMENT_TARGET = 10.10;
				MTL_ENABLE_DEBUG_INFO = NO;
				SDKROOT = macosx;
			};
			name = Release;
		};
		44260D141A03E7FF0069DA34 /* Debug */ = {
			isa = XCBuildConfiguration;
			buildSettings = {
				PRODUCT_NAME = "$(TARGET_NAME)";
			};
			name = Debug;
		};
		44260D151A03E7FF0069DA34 /* Release */ = {
			isa = XCBuildConfiguration;
			buildSettings = {
				PRODUCT_NAME = "$(TARGET_NAME)";
			};
			name = Release;
		};
/* End XCBuildConfiguration section */

/* Begin XCConfigurationList section */
		44260D071A03E7FF0069DA34 /* Build configuration list for PBXProject "LibraryList" */ = {
			isa = XCConfigurationList;
			buildConfigurations = (
				44260D111A03E7FF0069DA34 /* Debug */,
				44260D121A03E7FF0069DA34 /* Release */,
			);
			defaultConfigurationIsVisible = 0;
			defaultConfigurationName = Release;
		};
		44260D131A03E7FF0069DA34 /* Build configuration list for PBXNativeTarget "LibraryList" */ = {
			isa = XCConfigurationList;
			buildConfigurations = (
				44260D141A03E7FF0069DA34 /* Debug */,
				44260D151A03E7FF0069DA34 /* Release */,
			);
			defaultConfigurationIsVisible = 0;
		};
/* End XCConfigurationList section */
	};
	rootObject = 44260D041A03E7FF0069DA34 /* Project object */;
}
